{
  "originHash" : "4642667d197bedfef02ec9ed1ce740240f461c80069d3e538b9964ffbc148c3f",
  "pins" : [
    {
      "identity" : "capacitor-swift-pm",
      "kind" : "remoteSourceControl",
      "location" : "https://github.com/ionic-team/capacitor-swift-pm.git",
      "state" : {
        "revision" : "de1d86e8b7a9b3ddfd19d6304aa3850023536505",
        "version" : "7.6.0"
      }
    },
    {
      "identity" : "ion-ios-geolocation",
      "kind" : "remoteSourceControl",
      "location" : "https://github.com/ionic-team/ion-ios-geolocation.git",
      "state" : {
        "revision" : "aa1ff949ea4b3228e58c5b15e56ded4f155f4bc6",
        "version" : "1.0.2"
      }
    }
  ],
  "version" : 3
}
